{
  "lockfile_version": "1",
  "packages": {
    "github:NixOS/nixpkgs/nixpkgs-unstable": {
      "last_modified": "2025-08-15T14:26:43Z",
      "resolved": "github:NixOS/nixpkgs/32f313e49e42f715491e1ea7b306a87c16fe0388?lastModified=1755268003&narHash=sha256-nNaeJjo861wFR0tjHDyCnHs1rbRtrMgxAKMoig9Sj%2Fw%3D"
    },
    "poetry@latest": {
      "last_modified": "2025-08-11T23:54:17Z",
      "plugin_version": "0.0.4",
      "resolved": "github:NixOS/nixpkgs/5a983011e0f4b3b286aaa73e011ce32b1449a528#poetry",
      "source": "devbox-search",
      "version": "2.1.4",
      "systems": {
        "aarch64-darwin": {
          "outputs": [
            {
              "name": "out",
              "path": "/nix/store/40wdkwvhgyak26dvm7nvk79sazsp70p0-python3.13-poetry-2.1.4",
              "default": true
            },
            {
              "name": "dist",
              "path": "/nix/store/pqnpbi6kfcgpliwlw3d07n73iwd4zq10-python3.13-poetry-2.1.4-dist"
            }
          ],
          "store_path": "/nix/store/40wdkwvhgyak26dvm7nvk79sazsp70p0-python3.13-poetry-2.1.4"
        },
        "aarch64-linux": {
          "outputs": [
            {
              "name": "out",
              "path": "/nix/store/1wcnin7zb7p3kgb0a5rdr123k1zm5m79-python3.13-poetry-2.1.4",
              "default": true
            },
            {
              "name": "dist",
              "path": "/nix/store/x1y9vaw30ibdsp0c3q4k6kb9lsy125ah-python3.13-poetry-2.1.4-dist"
            }
          ],
          "store_path": "/nix/store/1wcnin7zb7p3kgb0a5rdr123k1zm5m79-python3.13-poetry-2.1.4"
        },
        "x86_64-darwin": {
          "outputs": [
            {
              "name": "out",
              "path": "/nix/store/ag8lzpbpacp6jfy7z7wjnkwbfic1ikms-python3.13-poetry-2.1.4",
              "default": true
            },
            {
              "name": "dist",
              "path": "/nix/store/4hjin62zaapxgysj7z72729s6ww7wk00-python3.13-poetry-2.1.4-dist"
            }
          ],
          "store_path": "/nix/store/ag8lzpbpacp6jfy7z7wjnkwbfic1ikms-python3.13-poetry-2.1.4"
        },
        "x86_64-linux": {
          "outputs": [
            {
              "name": "out",
              "path": "/nix/store/0in2k6jizc97cw3w4yivn2v3nipplfrb-python3.13-poetry-2.1.4",
              "default": true
            },
            {
              "name": "dist",
              "path": "/nix/store/k5hi65p5y654wi6llza3azcz1xx0l7i5-python3.13-poetry-2.1.4-dist"
            }
          ],
          "store_path": "/nix/store/0in2k6jizc97cw3w4yivn2v3nipplfrb-python3.13-poetry-2.1.4"
        }
      }
    },
    "python@latest": {
      "last_modified": "2025-05-16T20:19:48Z",
      "plugin_version": "0.0.4",
      "resolved": "github:NixOS/nixpkgs/12a55407652e04dcf2309436eb06fef0d3713ef3#python313",
      "source": "devbox-search",
      "version": "3.13.3",
      "systems": {
        "aarch64-darwin": {
          "outputs": [
            {
              "name": "out",
              "path": "/nix/store/1a8xg8l3m67hxinxzzcsak9736qm9vsf-python3-3.13.3",
              "default": true
            }
          ],
          "store_path": "/nix/store/1a8xg8l3m67hxinxzzcsak9736qm9vsf-python3-3.13.3"
        },
        "aarch64-linux": {
          "outputs": [
            {
              "name": "out",
              "path": "/nix/store/yy0xvc2rydhrs0h1v8d7r3sql347xzz5-python3-3.13.3",
              "default": true
            },
            {
              "name": "debug",
              "path": "/nix/store/42bxfqfrh8cwspl7szr0cw8739xv8qlq-python3-3.13.3-debug"
            }
          ],
          "store_path": "/nix/store/yy0xvc2rydhrs0h1v8d7r3sql347xzz5-python3-3.13.3"
        },
        "x86_64-darwin": {
          "outputs": [
            {
              "name": "out",
              "path": "/nix/store/gbrigjhghz9v2p0zf9b2fnvs0g0yx7q4-python3-3.13.3",
              "default": true
            }
          ],
          "store_path": "/nix/store/gbrigjhghz9v2p0zf9b2fnvs0g0yx7q4-python3-3.13.3"
        },
        "x86_64-linux": {
          "outputs": [
            {
              "name": "out",
              "path": "/nix/store/2mab9iiwhcqwk75qwvp3zv0bvbiaq6cs-python3-3.13.3",
              "default": true
            },
            {
              "name": "debug",
              "path": "/nix/store/9z6k8ijl2md0y2n95yprbjj4vxbfsi15-python3-3.13.3-debug"
            }
          ],
          "store_path": "/nix/store/2mab9iiwhcqwk75qwvp3zv0bvbiaq6cs-python3-3.13.3"
        }
      }
    }
  }
}
